
Microsoft Visual Studio Solution File, Format Version 12.00
# Visual Studio Version 17
VisualStudioVersion = 17.11.35327.3
MinimumVisualStudioVersion = 10.0.40219.1
Project("{FAE04EC0-301F-11D3-BF4B-00C04F79EFBC}") = "Pascal's Triangle", "Pascal's Triangle\Pascal's Triangle.csproj", "{73B65BB2-9090-4C28-A08A-2C7C35697521}"
EndProject
Global
	GlobalSection(SolutionConfigurationPlatforms) = preSolution
		Debug|Any CPU = Debug|Any CPU
		Release|Any CPU = Release|Any CPU
	EndGlobalSection
	GlobalSection(ProjectConfigurationPlatforms) = postSolution
		{73B65BB2-9090-4C28-A08A-2C7C35697521}.Debug|Any CPU.ActiveCfg = Debug|Any CPU
		{73B65BB2-9090-4C28-A08A-2C7C35697521}.Debug|Any CPU.Build.0 = Debug|Any CPU
		{73B65BB2-9090-4C28-A08A-2C7C35697521}.Release|Any CPU.ActiveCfg = Release|Any CPU
		{73B65BB2-9090-4C28-A08A-2C7C35697521}.Release|Any CPU.Build.0 = Release|Any CPU
	EndGlobalSection
	GlobalSection(SolutionProperties) = preSolution
		HideSolutionNode = FALSE
	EndGlobalSection
	GlobalSection(ExtensibilityGlobals) = postSolution
		SolutionGuid = {FF60EC72-0E9F-4F8C-9582-54472EAA57FD}
	EndGlobalSection
EndGlobal
