
Microsoft Visual Studio Solution File, Format Version 12.00
# Visual Studio Version 17
VisualStudioVersion = 17.11.35327.3
MinimumVisualStudioVersion = 10.0.40219.1
Project("{FAE04EC0-301F-11D3-BF4B-00C04F79EFBC}") = "Missing Number", "Missing Number\Missing Number.csproj", "{20F5C0D0-06B8-4099-9942-4C42DCD54538}"
EndProject
Global
	GlobalSection(SolutionConfigurationPlatforms) = preSolution
		Debug|Any CPU = Debug|Any CPU
		Release|Any CPU = Release|Any CPU
	EndGlobalSection
	GlobalSection(ProjectConfigurationPlatforms) = postSolution
		{20F5C0D0-06B8-4099-9942-4C42DCD54538}.Debug|Any CPU.ActiveCfg = Debug|Any CPU
		{20F5C0D0-06B8-4099-9942-4C42DCD54538}.Debug|Any CPU.Build.0 = Debug|Any CPU
		{20F5C0D0-06B8-4099-9942-4C42DCD54538}.Release|Any CPU.ActiveCfg = Release|Any CPU
		{20F5C0D0-06B8-4099-9942-4C42DCD54538}.Release|Any CPU.Build.0 = Release|Any CPU
	EndGlobalSection
	GlobalSection(SolutionProperties) = preSolution
		HideSolutionNode = FALSE
	EndGlobalSection
	GlobalSection(ExtensibilityGlobals) = postSolution
		SolutionGuid = {339DB824-8ED6-44BE-991A-C8801AC9C591}
	EndGlobalSection
EndGlobal
