
Microsoft Visual Studio Solution File, Format Version 12.00
# Visual Studio Version 17
VisualStudioVersion = 17.11.35327.3
MinimumVisualStudioVersion = 10.0.40219.1
Project("{FAE04EC0-301F-11D3-BF4B-00C04F79EFBC}") = "Find X-Sum of All K-Long Subarrays I", "Find X-Sum of All K-Long Subarrays I\Find X-Sum of All K-Long Subarrays I.csproj", "{C3A3ECD6-23AC-4E54-8557-EACC9D219040}"
EndProject
Global
	GlobalSection(SolutionConfigurationPlatforms) = preSolution
		Debug|Any CPU = Debug|Any CPU
		Release|Any CPU = Release|Any CPU
	EndGlobalSection
	GlobalSection(ProjectConfigurationPlatforms) = postSolution
		{C3A3ECD6-23AC-4E54-8557-EACC9D219040}.Debug|Any CPU.ActiveCfg = Debug|Any CPU
		{C3A3ECD6-23AC-4E54-8557-EACC9D219040}.Debug|Any CPU.Build.0 = Debug|Any CPU
		{C3A3ECD6-23AC-4E54-8557-EACC9D219040}.Release|Any CPU.ActiveCfg = Release|Any CPU
		{C3A3ECD6-23AC-4E54-8557-EACC9D219040}.Release|Any CPU.Build.0 = Release|Any CPU
	EndGlobalSection
	GlobalSection(SolutionProperties) = preSolution
		HideSolutionNode = FALSE
	EndGlobalSection
	GlobalSection(ExtensibilityGlobals) = postSolution
		SolutionGuid = {0601712C-1D19-4CBE-8C10-64DDFDA49AAA}
	EndGlobalSection
EndGlobal
